// !$*UTF8*$!
{
	archiveVersion = 1;
	classes = {
	};
	objectVersion = 45;
	objects = {

/* Begin PBXBuildFile section */
		1D3623260D0F684500981E51 /* MusicPlayerAppDelegate.m in Sources */ = {isa = PBXBuildFile; fileRef = 1D3623250D0F684500981E51 /* MusicPlayerAppDelegate.m */; };
		1D60589B0D05DD56006BFB54 /* main.m in Sources */ = {isa = PBXBuildFile; fileRef = 29B97316FDCFA39411CA2CEA /* main.m */; };
		1D60589F0D05DD5A006BFB54 /* Foundation.framework in Frameworks */ = {isa = PBXBuildFile; fileRef = 1D30AB110D05D00D00671497 /* Foundation.framework */; };
		1DF5F4E00D08C38300B7A737 /* UIKit.framework in Frameworks */ = {isa = PBXBuildFile; fileRef = 1DF5F4DF0D08C38300B7A737 /* UIKit.framework */; };
		2892E4100DC94CBA00A64D0F /* CoreGraphics.framework in Frameworks */ = {isa = PBXBuildFile; fileRef = 2892E40F0DC94CBA00A64D0F /* CoreGraphics.framework */; };
		28AD73600D9D9599002E5188 /* MainWindow.xib in Resources */ = {isa = PBXBuildFile; fileRef = 28AD735F0D9D9599002E5188 /* MainWindow.xib */; };
		28C286E10D94DF7D0034E888 /* RootViewController.m in Sources */ = {isa = PBXBuildFile; fileRef = 28C286E00D94DF7D0034E888 /* RootViewController.m */; };
		28F335F11007B36200424DE2 /* RootViewController.xib in Resources */ = {isa = PBXBuildFile; fileRef = 28F335F01007B36200424DE2 /* RootViewController.xib */; };
		C4C9FA1112F26590003A71DD /* DDXMLDocument.m in Sources */ = {isa = PBXBuildFile; fileRef = C4C9FA0712F26590003A71DD /* DDXMLDocument.m */; };
		C4C9FA1212F26590003A71DD /* DDXMLElement.m in Sources */ = {isa = PBXBuildFile; fileRef = C4C9FA0912F26590003A71DD /* DDXMLElement.m */; };
		C4C9FA1312F26590003A71DD /* DDXMLElementAdditions.m in Sources */ = {isa = PBXBuildFile; fileRef = C4C9FA0B12F26590003A71DD /* DDXMLElementAdditions.m */; };
		C4C9FA1412F26590003A71DD /* DDXMLNode.m in Sources */ = {isa = PBXBuildFile; fileRef = C4C9FA0D12F26590003A71DD /* DDXMLNode.m */; };
		C4C9FA1512F26590003A71DD /* NSStringAdditions.m in Sources */ = {isa = PBXBuildFile; fileRef = C4C9FA1012F26590003A71DD /* NSStringAdditions.m */; };
		C4C9FA2612F26637003A71DD /* MusicPlayer.m in Sources */ = {isa = PBXBuildFile; fileRef = C4C9FA2412F26637003A71DD /* MusicPlayer.m */; };
		C4C9FA2A12F26688003A71DD /* AVFoundation.framework in Frameworks */ = {isa = PBXBuildFile; fileRef = C4C9FA2912F26688003A71DD /* AVFoundation.framework */; };
		C4C9FA3012F266AE003A71DD /* playlist.xml in Resources */ = {isa = PBXBuildFile; fileRef = C4C9FA2F12F266AE003A71DD /* playlist.xml */; };
		C4C9FAE912F2745A003A71DD /* 01 Born Unto Trouble.mp3 in Resources */ = {isa = PBXBuildFile; fileRef = C4C9FAD612F27453003A71DD /* 01 Born Unto Trouble.mp3 */; };
		C4C9FAEA12F2745A003A71DD /* 02 The Shootist.mp3 in Resources */ = {isa = PBXBuildFile; fileRef = C4C9FAD712F27454003A71DD /* 02 The Shootist.mp3 */; };
		C4C9FAEB12F2745A003A71DD /* 03 Dead End Alley.mp3 in Resources */ = {isa = PBXBuildFile; fileRef = C4C9FAD812F27454003A71DD /* 03 Dead End Alley.mp3 */; };
		C4C9FAEC12F2745A003A71DD /* 04 Horseplay.mp3 in Resources */ = {isa = PBXBuildFile; fileRef = C4C9FAD912F27454003A71DD /* 04 Horseplay.mp3 */; };
		C4C9FAED12F2745A003A71DD /* 05 Luz Y Sombra.mp3 in Resources */ = {isa = PBXBuildFile; fileRef = C4C9FADA12F27455003A71DD /* 05 Luz Y Sombra.mp3 */; };
		C4C9FAEE12F2745A003A71DD /* 06 El Club De Los Cuerpos.mp3 in Resources */ = {isa = PBXBuildFile; fileRef = C4C9FADB12F27455003A71DD /* 06 El Club De Los Cuerpos.mp3 */; };
		C4C9FAEF12F2745A003A71DD /* 07 Estancia.mp3 in Resources */ = {isa = PBXBuildFile; fileRef = C4C9FADC12F27456003A71DD /* 07 Estancia.mp3 */; };
		C4C9FAF012F2745A003A71DD /* 08 (Theme From) Red Dead Redemption.mp3 in Resources */ = {isa = PBXBuildFile; fileRef = C4C9FADD12F27456003A71DD /* 08 (Theme From) Red Dead Redemption.mp3 */; };
		C4C9FAF112F2745A003A71DD /* 09 Triggernometry.mp3 in Resources */ = {isa = PBXBuildFile; fileRef = C4C9FADE12F27457003A71DD /* 09 Triggernometry.mp3 */; };
		C4C9FAF212F2745A003A71DD /* 10 Gunplay.mp3 in Resources */ = {isa = PBXBuildFile; fileRef = C4C9FADF12F27457003A71DD /* 10 Gunplay.mp3 */; };
		C4C9FAF312F2745A003A71DD /* 11 Redemption In Dub.mp3 in Resources */ = {isa = PBXBuildFile; fileRef = C4C9FAE012F27457003A71DD /* 11 Redemption In Dub.mp3 */; };
		C4C9FAF412F2745A003A71DD /* 12 Muertos Rojos (aka The Gunslinger.mp3 in Resources */ = {isa = PBXBuildFile; fileRef = C4C9FAE112F27458003A71DD /* 12 Muertos Rojos (aka The Gunslinger.mp3 */; };
		C4C9FAF512F2745A003A71DD /* 13 The Outlaw's Return.mp3 in Resources */ = {isa = PBXBuildFile; fileRef = C4C9FAE212F27458003A71DD /* 13 The Outlaw's Return.mp3 */; };
		C4C9FAF612F2745A003A71DD /* 14 Exodus In America.mp3 in Resources */ = {isa = PBXBuildFile; fileRef = C4C9FAE312F27458003A71DD /* 14 Exodus In America.mp3 */; };
		C4C9FAF712F2745A003A71DD /* 15 Already Dead.mp3 in Resources */ = {isa = PBXBuildFile; fileRef = C4C9FAE412F27459003A71DD /* 15 Already Dead.mp3 */; };
		C4C9FAF812F2745A003A71DD /* 16 Far Away.mp3 in Resources */ = {isa = PBXBuildFile; fileRef = C4C9FAE512F27459003A71DD /* 16 Far Away.mp3 */; };
		C4C9FAF912F2745A003A71DD /* 17 Compass (Red Dead on Arrival Vers.mp3 in Resources */ = {isa = PBXBuildFile; fileRef = C4C9FAE612F27459003A71DD /* 17 Compass (Red Dead on Arrival Vers.mp3 */; };
		C4C9FAFA12F2745A003A71DD /* 18 Deadman's Gun.mp3 in Resources */ = {isa = PBXBuildFile; fileRef = C4C9FAE712F2745A003A71DD /* 18 Deadman's Gun.mp3 */; };
		C4C9FAFB12F2745A003A71DD /* 19 Bury Me Not On The Lone Prairie.mp3 in Resources */ = {isa = PBXBuildFile; fileRef = C4C9FAE812F2745A003A71DD /* 19 Bury Me Not On The Lone Prairie.mp3 */; };
		C4DFCD4012F39CBB00BB6363 /* MusicDetailViewController.m in Sources */ = {isa = PBXBuildFile; fileRef = C4DFCD3E12F39CBB00BB6363 /* MusicDetailViewController.m */; };
		C4DFCD4112F39CBB00BB6363 /* MusicDetailViewController.xib in Resources */ = {isa = PBXBuildFile; fileRef = C4DFCD3F12F39CBB00BB6363 /* MusicDetailViewController.xib */; };
/* End PBXBuildFile section */

/* Begin PBXFileReference section */
		1D30AB110D05D00D00671497 /* Foundation.framework */ = {isa = PBXFileReference; lastKnownFileType = wrapper.framework; name = Foundation.framework; path = System/Library/Frameworks/Foundation.framework; sourceTree = SDKROOT; };
		1D3623240D0F684500981E51 /* MusicPlayerAppDelegate.h */ = {isa = PBXFileReference; fileEncoding = 4; lastKnownFileType = sourcecode.c.h; path = MusicPlayerAppDelegate.h; sourceTree = "<group>"; };
		1D3623250D0F684500981E51 /* MusicPlayerAppDelegate.m */ = {isa = PBXFileReference; fileEncoding = 4; lastKnownFileType = sourcecode.c.objc; path = MusicPlayerAppDelegate.m; sourceTree = "<group>"; };
		1D6058910D05DD3D006BFB54 /* MusicPlayer.app */ = {isa = PBXFileReference; explicitFileType = wrapper.application; includeInIndex = 0; path = MusicPlayer.app; sourceTree = BUILT_PRODUCTS_DIR; };
		1DF5F4DF0D08C38300B7A737 /* UIKit.framework */ = {isa = PBXFileReference; lastKnownFileType = wrapper.framework; name = UIKit.framework; path = System/Library/Frameworks/UIKit.framework; sourceTree = SDKROOT; };
		2892E40F0DC94CBA00A64D0F /* CoreGraphics.framework */ = {isa = PBXFileReference; lastKnownFileType = wrapper.framework; name = CoreGraphics.framework; path = System/Library/Frameworks/CoreGraphics.framework; sourceTree = SDKROOT; };
		28A0AAE50D9B0CCF005BE974 /* MusicPlayer_Prefix.pch */ = {isa = PBXFileReference; fileEncoding = 4; lastKnownFileType = sourcecode.c.h; path = MusicPlayer_Prefix.pch; sourceTree = "<group>"; };
		28AD735F0D9D9599002E5188 /* MainWindow.xib */ = {isa = PBXFileReference; lastKnownFileType = file.xib; path = MainWindow.xib; sourceTree = "<group>"; };
		28C286DF0D94DF7D0034E888 /* RootViewController.h */ = {isa = PBXFileReference; fileEncoding = 4; lastKnownFileType = sourcecode.c.h; path = RootViewController.h; sourceTree = "<group>"; };
		28C286E00D94DF7D0034E888 /* RootViewController.m */ = {isa = PBXFileReference; fileEncoding = 4; lastKnownFileType = sourcecode.c.objc; path = RootViewController.m; sourceTree = "<group>"; };
		28F335F01007B36200424DE2 /* RootViewController.xib */ = {isa = PBXFileReference; lastKnownFileType = file.xib; path = RootViewController.xib; sourceTree = "<group>"; };
		29B97316FDCFA39411CA2CEA /* main.m */ = {isa = PBXFileReference; fileEncoding = 4; lastKnownFileType = sourcecode.c.objc; path = main.m; sourceTree = "<group>"; };
		8D1107310486CEB800E47090 /* MusicPlayer-Info.plist */ = {isa = PBXFileReference; fileEncoding = 4; lastKnownFileType = text.plist.xml; path = "MusicPlayer-Info.plist"; plistStructureDefinitionIdentifier = "com.apple.xcode.plist.structure-definition.iphone.info-plist"; sourceTree = "<group>"; };
		C4C9FA0512F26590003A71DD /* DDXML.h */ = {isa = PBXFileReference; fileEncoding = 4; lastKnownFileType = sourcecode.c.h; path = DDXML.h; sourceTree = "<group>"; };
		C4C9FA0612F26590003A71DD /* DDXMLDocument.h */ = {isa = PBXFileReference; fileEncoding = 4; lastKnownFileType = sourcecode.c.h; path = DDXMLDocument.h; sourceTree = "<group>"; };
		C4C9FA0712F26590003A71DD /* DDXMLDocument.m */ = {isa = PBXFileReference; fileEncoding = 4; lastKnownFileType = sourcecode.c.objc; path = DDXMLDocument.m; sourceTree = "<group>"; };
		C4C9FA0812F26590003A71DD /* DDXMLElement.h */ = {isa = PBXFileReference; fileEncoding = 4; lastKnownFileType = sourcecode.c.h; path = DDXMLElement.h; sourceTree = "<group>"; };
		C4C9FA0912F26590003A71DD /* DDXMLElement.m */ = {isa = PBXFileReference; fileEncoding = 4; lastKnownFileType = sourcecode.c.objc; path = DDXMLElement.m; sourceTree = "<group>"; };
		C4C9FA0A12F26590003A71DD /* DDXMLElementAdditions.h */ = {isa = PBXFileReference; fileEncoding = 4; lastKnownFileType = sourcecode.c.h; path = DDXMLElementAdditions.h; sourceTree = "<group>"; };
		C4C9FA0B12F26590003A71DD /* DDXMLElementAdditions.m */ = {isa = PBXFileReference; fileEncoding = 4; lastKnownFileType = sourcecode.c.objc; path = DDXMLElementAdditions.m; sourceTree = "<group>"; };
		C4C9FA0C12F26590003A71DD /* DDXMLNode.h */ = {isa = PBXFileReference; fileEncoding = 4; lastKnownFileType = sourcecode.c.h; path = DDXMLNode.h; sourceTree = "<group>"; };
		C4C9FA0D12F26590003A71DD /* DDXMLNode.m */ = {isa = PBXFileReference; fileEncoding = 4; lastKnownFileType = sourcecode.c.objc; path = DDXMLNode.m; sourceTree = "<group>"; };
		C4C9FA0E12F26590003A71DD /* DDXMLPrivate.h */ = {isa = PBXFileReference; fileEncoding = 4; lastKnownFileType = sourcecode.c.h; path = DDXMLPrivate.h; sourceTree = "<group>"; };
		C4C9FA0F12F26590003A71DD /* NSStringAdditions.h */ = {isa = PBXFileReference; fileEncoding = 4; lastKnownFileType = sourcecode.c.h; path = NSStringAdditions.h; sourceTree = "<group>"; };
		C4C9FA1012F26590003A71DD /* NSStringAdditions.m */ = {isa = PBXFileReference; fileEncoding = 4; lastKnownFileType = sourcecode.c.objc; path = NSStringAdditions.m; sourceTree = "<group>"; };
		C4C9FA2312F26637003A71DD /* MusicPlayer.h */ = {isa = PBXFileReference; fileEncoding = 4; lastKnownFileType = sourcecode.c.h; path = MusicPlayer.h; sourceTree = "<group>"; };
		C4C9FA2412F26637003A71DD /* MusicPlayer.m */ = {isa = PBXFileReference; fileEncoding = 4; lastKnownFileType = sourcecode.c.objc; path = MusicPlayer.m; sourceTree = "<group>"; };
		C4C9FA2512F26637003A71DD /* SynthesizeSingleton.h */ = {isa = PBXFileReference; fileEncoding = 4; lastKnownFileType = sourcecode.c.h; path = SynthesizeSingleton.h; sourceTree = "<group>"; };
		C4C9FA2912F26688003A71DD /* AVFoundation.framework */ = {isa = PBXFileReference; lastKnownFileType = wrapper.framework; name = AVFoundation.framework; path = System/Library/Frameworks/AVFoundation.framework; sourceTree = SDKROOT; };
		C4C9FA2F12F266AE003A71DD /* playlist.xml */ = {isa = PBXFileReference; fileEncoding = 4; lastKnownFileType = text.xml; path = playlist.xml; sourceTree = "<group>"; };
		C4C9FAD612F27453003A71DD /* 01 Born Unto Trouble.mp3 */ = {isa = PBXFileReference; lastKnownFileType = audio.mp3; path = "01 Born Unto Trouble.mp3"; sourceTree = "<group>"; };
		C4C9FAD712F27454003A71DD /* 02 The Shootist.mp3 */ = {isa = PBXFileReference; lastKnownFileType = audio.mp3; path = "02 The Shootist.mp3"; sourceTree = "<group>"; };
		C4C9FAD812F27454003A71DD /* 03 Dead End Alley.mp3 */ = {isa = PBXFileReference; lastKnownFileType = audio.mp3; path = "03 Dead End Alley.mp3"; sourceTree = "<group>"; };
		C4C9FAD912F27454003A71DD /* 04 Horseplay.mp3 */ = {isa = PBXFileReference; lastKnownFileType = audio.mp3; path = "04 Horseplay.mp3"; sourceTree = "<group>"; };
		C4C9FADA12F27455003A71DD /* 05 Luz Y Sombra.mp3 */ = {isa = PBXFileReference; lastKnownFileType = audio.mp3; path = "05 Luz Y Sombra.mp3"; sourceTree = "<group>"; };
		C4C9FADB12F27455003A71DD /* 06 El Club De Los Cuerpos.mp3 */ = {isa = PBXFileReference; lastKnownFileType = audio.mp3; path = "06 El Club De Los Cuerpos.mp3"; sourceTree = "<group>"; };
		C4C9FADC12F27456003A71DD /* 07 Estancia.mp3 */ = {isa = PBXFileReference; lastKnownFileType = audio.mp3; path = "07 Estancia.mp3"; sourceTree = "<group>"; };
		C4C9FADD12F27456003A71DD /* 08 (Theme From) Red Dead Redemption.mp3 */ = {isa = PBXFileReference; lastKnownFileType = audio.mp3; path = "08 (Theme From) Red Dead Redemption.mp3"; sourceTree = "<group>"; };
		C4C9FADE12F27457003A71DD /* 09 Triggernometry.mp3 */ = {isa = PBXFileReference; lastKnownFileType = audio.mp3; path = "09 Triggernometry.mp3"; sourceTree = "<group>"; };
		C4C9FADF12F27457003A71DD /* 10 Gunplay.mp3 */ = {isa = PBXFileReference; lastKnownFileType = audio.mp3; path = "10 Gunplay.mp3"; sourceTree = "<group>"; };
		C4C9FAE012F27457003A71DD /* 11 Redemption In Dub.mp3 */ = {isa = PBXFileReference; lastKnownFileType = audio.mp3; path = "11 Redemption In Dub.mp3"; sourceTree = "<group>"; };
		C4C9FAE112F27458003A71DD /* 12 Muertos Rojos (aka The Gunslinger.mp3 */ = {isa = PBXFileReference; lastKnownFileType = audio.mp3; path = "12 Muertos Rojos (aka The Gunslinger.mp3"; sourceTree = "<group>"; };
		C4C9FAE212F27458003A71DD /* 13 The Outlaw's Return.mp3 */ = {isa = PBXFileReference; lastKnownFileType = audio.mp3; path = "13 The Outlaw's Return.mp3"; sourceTree = "<group>"; };
		C4C9FAE312F27458003A71DD /* 14 Exodus In America.mp3 */ = {isa = PBXFileReference; lastKnownFileType = audio.mp3; path = "14 Exodus In America.mp3"; sourceTree = "<group>"; };
		C4C9FAE412F27459003A71DD /* 15 Already Dead.mp3 */ = {isa = PBXFileReference; lastKnownFileType = audio.mp3; path = "15 Already Dead.mp3"; sourceTree = "<group>"; };
		C4C9FAE512F27459003A71DD /* 16 Far Away.mp3 */ = {isa = PBXFileReference; lastKnownFileType = audio.mp3; path = "16 Far Away.mp3"; sourceTree = "<group>"; };
		C4C9FAE612F27459003A71DD /* 17 Compass (Red Dead on Arrival Vers.mp3 */ = {isa = PBXFileReference; lastKnownFileType = audio.mp3; path = "17 Compass (Red Dead on Arrival Vers.mp3"; sourceTree = "<group>"; };
		C4C9FAE712F2745A003A71DD /* 18 Deadman's Gun.mp3 */ = {isa = PBXFileReference; lastKnownFileType = audio.mp3; path = "18 Deadman's Gun.mp3"; sourceTree = "<group>"; };
		C4C9FAE812F2745A003A71DD /* 19 Bury Me Not On The Lone Prairie.mp3 */ = {isa = PBXFileReference; lastKnownFileType = audio.mp3; path = "19 Bury Me Not On The Lone Prairie.mp3"; sourceTree = "<group>"; };
		C4DFCD3D12F39CBB00BB6363 /* MusicDetailViewController.h */ = {isa = PBXFileReference; fileEncoding = 4; lastKnownFileType = sourcecode.c.h; path = MusicDetailViewController.h; sourceTree = "<group>"; };
		C4DFCD3E12F39CBB00BB6363 /* MusicDetailViewController.m */ = {isa = PBXFileReference; fileEncoding = 4; lastKnownFileType = sourcecode.c.objc; path = MusicDetailViewController.m; sourceTree = "<group>"; };
		C4DFCD3F12F39CBB00BB6363 /* MusicDetailViewController.xib */ = {isa = PBXFileReference; lastKnownFileType = file.xib; name = MusicDetailViewController.xib; path = Classes/MusicDetailViewController.xib; sourceTree = "<group>"; };
/* End PBXFileReference section */

/* Begin PBXFrameworksBuildPhase section */
		1D60588F0D05DD3D006BFB54 /* Frameworks */ = {
			isa = PBXFrameworksBuildPhase;
			buildActionMask = 2147483647;
			files = (
				1D60589F0D05DD5A006BFB54 /* Foundation.framework in Frameworks */,
				1DF5F4E00D08C38300B7A737 /* UIKit.framework in Frameworks */,
				2892E4100DC94CBA00A64D0F /* CoreGraphics.framework in Frameworks */,
				C4C9FA2A12F26688003A71DD /* AVFoundation.framework in Frameworks */,
			);
			runOnlyForDeploymentPostprocessing = 0;
		};
/* End PBXFrameworksBuildPhase section */

/* Begin PBXGroup section */
		080E96DDFE201D6D7F000001 /* Classes */ = {
			isa = PBXGroup;
			children = (
				C4C9FA2312F26637003A71DD /* MusicPlayer.h */,
				C4C9FA2412F26637003A71DD /* MusicPlayer.m */,
				C4C9FA2512F26637003A71DD /* SynthesizeSingleton.h */,
				28C286DF0D94DF7D0034E888 /* RootViewController.h */,
				28C286E00D94DF7D0034E888 /* RootViewController.m */,
				1D3623240D0F684500981E51 /* MusicPlayerAppDelegate.h */,
				1D3623250D0F684500981E51 /* MusicPlayerAppDelegate.m */,
				C4DFCD3D12F39CBB00BB6363 /* MusicDetailViewController.h */,
				C4DFCD3E12F39CBB00BB6363 /* MusicDetailViewController.m */,
			);
			path = Classes;
			sourceTree = "<group>";
		};
		19C28FACFE9D520D11CA2CBB /* Products */ = {
			isa = PBXGroup;
			children = (
				1D6058910D05DD3D006BFB54 /* MusicPlayer.app */,
			);
			name = Products;
			sourceTree = "<group>";
		};
		29B97314FDCFA39411CA2CEA /* CustomTemplate */ = {
			isa = PBXGroup;
			children = (
				C4C9FA1E12F265DD003A71DD /* Sounds */,
				C4C9FA0212F2657D003A71DD /* DDXML */,
				080E96DDFE201D6D7F000001 /* Classes */,
				29B97315FDCFA39411CA2CEA /* Other Sources */,
				29B97317FDCFA39411CA2CEA /* Resources */,
				29B97323FDCFA39411CA2CEA /* Frameworks */,
				19C28FACFE9D520D11CA2CBB /* Products */,
			);
			name = CustomTemplate;
			sourceTree = "<group>";
		};
		29B97315FDCFA39411CA2CEA /* Other Sources */ = {
			isa = PBXGroup;
			children = (
				28A0AAE50D9B0CCF005BE974 /* MusicPlayer_Prefix.pch */,
				29B97316FDCFA39411CA2CEA /* main.m */,
			);
			name = "Other Sources";
			sourceTree = "<group>";
		};
		29B97317FDCFA39411CA2CEA /* Resources */ = {
			isa = PBXGroup;
			children = (
				C4DFCD3F12F39CBB00BB6363 /* MusicDetailViewController.xib */,
				C4C9FA2F12F266AE003A71DD /* playlist.xml */,
				28F335F01007B36200424DE2 /* RootViewController.xib */,
				28AD735F0D9D9599002E5188 /* MainWindow.xib */,
				8D1107310486CEB800E47090 /* MusicPlayer-Info.plist */,
			);
			name = Resources;
			sourceTree = "<group>";
		};
		29B97323FDCFA39411CA2CEA /* Frameworks */ = {
			isa = PBXGroup;
			children = (
				1DF5F4DF0D08C38300B7A737 /* UIKit.framework */,
				1D30AB110D05D00D00671497 /* Foundation.framework */,
				2892E40F0DC94CBA00A64D0F /* CoreGraphics.framework */,
				C4C9FA2912F26688003A71DD /* AVFoundation.framework */,
			);
			name = Frameworks;
			sourceTree = "<group>";
		};
		C4C9FA0212F2657D003A71DD /* DDXML */ = {
			isa = PBXGroup;
			children = (
				C4C9FA0512F26590003A71DD /* DDXML.h */,
				C4C9FA0612F26590003A71DD /* DDXMLDocument.h */,
				C4C9FA0712F26590003A71DD /* DDXMLDocument.m */,
				C4C9FA0812F26590003A71DD /* DDXMLElement.h */,
				C4C9FA0912F26590003A71DD /* DDXMLElement.m */,
				C4C9FA0A12F26590003A71DD /* DDXMLElementAdditions.h */,
				C4C9FA0B12F26590003A71DD /* DDXMLElementAdditions.m */,
				C4C9FA0C12F26590003A71DD /* DDXMLNode.h */,
				C4C9FA0D12F26590003A71DD /* DDXMLNode.m */,
				C4C9FA0E12F26590003A71DD /* DDXMLPrivate.h */,
				C4C9FA0F12F26590003A71DD /* NSStringAdditions.h */,
				C4C9FA1012F26590003A71DD /* NSStringAdditions.m */,
			);
			name = DDXML;
			sourceTree = "<group>";
		};
		C4C9FA1E12F265DD003A71DD /* Sounds */ = {
			isa = PBXGroup;
			children = (
				C4C9FAD612F27453003A71DD /* 01 Born Unto Trouble.mp3 */,
				C4C9FAD712F27454003A71DD /* 02 The Shootist.mp3 */,
				C4C9FAD812F27454003A71DD /* 03 Dead End Alley.mp3 */,
				C4C9FAD912F27454003A71DD /* 04 Horseplay.mp3 */,
				C4C9FADA12F27455003A71DD /* 05 Luz Y Sombra.mp3 */,
				C4C9FADB12F27455003A71DD /* 06 El Club De Los Cuerpos.mp3 */,
				C4C9FADC12F27456003A71DD /* 07 Estancia.mp3 */,
				C4C9FADD12F27456003A71DD /* 08 (Theme From) Red Dead Redemption.mp3 */,
				C4C9FADE12F27457003A71DD /* 09 Triggernometry.mp3 */,
				C4C9FADF12F27457003A71DD /* 10 Gunplay.mp3 */,
				C4C9FAE012F27457003A71DD /* 11 Redemption In Dub.mp3 */,
				C4C9FAE112F27458003A71DD /* 12 Muertos Rojos (aka The Gunslinger.mp3 */,
				C4C9FAE212F27458003A71DD /* 13 The Outlaw's Return.mp3 */,
				C4C9FAE312F27458003A71DD /* 14 Exodus In America.mp3 */,
				C4C9FAE412F27459003A71DD /* 15 Already Dead.mp3 */,
				C4C9FAE512F27459003A71DD /* 16 Far Away.mp3 */,
				C4C9FAE612F27459003A71DD /* 17 Compass (Red Dead on Arrival Vers.mp3 */,
				C4C9FAE712F2745A003A71DD /* 18 Deadman's Gun.mp3 */,
				C4C9FAE812F2745A003A71DD /* 19 Bury Me Not On The Lone Prairie.mp3 */,
			);
			name = Sounds;
			sourceTree = "<group>";
		};
/* End PBXGroup section */

/* Begin PBXNativeTarget section */
		1D6058900D05DD3D006BFB54 /* MusicPlayer */ = {
			isa = PBXNativeTarget;
			buildConfigurationList = 1D6058960D05DD3E006BFB54 /* Build configuration list for PBXNativeTarget "MusicPlayer" */;
			buildPhases = (
				1D60588D0D05DD3D006BFB54 /* Resources */,
				1D60588E0D05DD3D006BFB54 /* Sources */,
				1D60588F0D05DD3D006BFB54 /* Frameworks */,
			);
			buildRules = (
			);
			dependencies = (
			);
			name = MusicPlayer;
			productName = MusicPlayer;
			productReference = 1D6058910D05DD3D006BFB54 /* MusicPlayer.app */;
			productType = "com.apple.product-type.application";
		};
/* End PBXNativeTarget section */

/* Begin PBXProject section */
		29B97313FDCFA39411CA2CEA /* Project object */ = {
			isa = PBXProject;
			buildConfigurationList = C01FCF4E08A954540054247B /* Build configuration list for PBXProject "MusicPlayer" */;
			compatibilityVersion = "Xcode 3.1";
			developmentRegion = English;
			hasScannedForEncodings = 1;
			knownRegions = (
				English,
				Japanese,
				French,
				German,
				en,
			);
			mainGroup = 29B97314FDCFA39411CA2CEA /* CustomTemplate */;
			projectDirPath = "";
			projectRoot = "";
			targets = (
				1D6058900D05DD3D006BFB54 /* MusicPlayer */,
			);
		};
/* End PBXProject section */

/* Begin PBXResourcesBuildPhase section */
		1D60588D0D05DD3D006BFB54 /* Resources */ = {
			isa = PBXResourcesBuildPhase;
			buildActionMask = 2147483647;
			files = (
				28AD73600D9D9599002E5188 /* MainWindow.xib in Resources */,
				28F335F11007B36200424DE2 /* RootViewController.xib in Resources */,
				C4C9FA3012F266AE003A71DD /* playlist.xml in Resources */,
				C4C9FAE912F2745A003A71DD /* 01 Born Unto Trouble.mp3 in Resources */,
				C4C9FAEA12F2745A003A71DD /* 02 The Shootist.mp3 in Resources */,
				C4C9FAEB12F2745A003A71DD /* 03 Dead End Alley.mp3 in Resources */,
				C4C9FAEC12F2745A003A71DD /* 04 Horseplay.mp3 in Resources */,
				C4C9FAED12F2745A003A71DD /* 05 Luz Y Sombra.mp3 in Resources */,
				C4C9FAEE12F2745A003A71DD /* 06 El Club De Los Cuerpos.mp3 in Resources */,
				C4C9FAEF12F2745A003A71DD /* 07 Estancia.mp3 in Resources */,
				C4C9FAF012F2745A003A71DD /* 08 (Theme From) Red Dead Redemption.mp3 in Resources */,
				C4C9FAF112F2745A003A71DD /* 09 Triggernometry.mp3 in Resources */,
				C4C9FAF212F2745A003A71DD /* 10 Gunplay.mp3 in Resources */,
				C4C9FAF312F2745A003A71DD /* 11 Redemption In Dub.mp3 in Resources */,
				C4C9FAF412F2745A003A71DD /* 12 Muertos Rojos (aka The Gunslinger.mp3 in Resources */,
				C4C9FAF512F2745A003A71DD /* 13 The Outlaw's Return.mp3 in Resources */,
				C4C9FAF612F2745A003A71DD /* 14 Exodus In America.mp3 in Resources */,
				C4C9FAF712F2745A003A71DD /* 15 Already Dead.mp3 in Resources */,
				C4C9FAF812F2745A003A71DD /* 16 Far Away.mp3 in Resources */,
				C4C9FAF912F2745A003A71DD /* 17 Compass (Red Dead on Arrival Vers.mp3 in Resources */,
				C4C9FAFA12F2745A003A71DD /* 18 Deadman's Gun.mp3 in Resources */,
				C4C9FAFB12F2745A003A71DD /* 19 Bury Me Not On The Lone Prairie.mp3 in Resources */,
				C4DFCD4112F39CBB00BB6363 /* MusicDetailViewController.xib in Resources */,
			);
			runOnlyForDeploymentPostprocessing = 0;
		};
/* End PBXResourcesBuildPhase section */

/* Begin PBXSourcesBuildPhase section */
		1D60588E0D05DD3D006BFB54 /* Sources */ = {
			isa = PBXSourcesBuildPhase;
			buildActionMask = 2147483647;
			files = (
				1D60589B0D05DD56006BFB54 /* main.m in Sources */,
				1D3623260D0F684500981E51 /* MusicPlayerAppDelegate.m in Sources */,
				28C286E10D94DF7D0034E888 /* RootViewController.m in Sources */,
				C4C9FA1112F26590003A71DD /* DDXMLDocument.m in Sources */,
				C4C9FA1212F26590003A71DD /* DDXMLElement.m in Sources */,
				C4C9FA1312F26590003A71DD /* DDXMLElementAdditions.m in Sources */,
				C4C9FA1412F26590003A71DD /* DDXMLNode.m in Sources */,
				C4C9FA1512F26590003A71DD /* NSStringAdditions.m in Sources */,
				C4C9FA2612F26637003A71DD /* MusicPlayer.m in Sources */,
				C4DFCD4012F39CBB00BB6363 /* MusicDetailViewController.m in Sources */,
			);
			runOnlyForDeploymentPostprocessing = 0;
		};
/* End PBXSourcesBuildPhase section */

/* Begin XCBuildConfiguration section */
		1D6058940D05DD3E006BFB54 /* Debug */ = {
			isa = XCBuildConfiguration;
			buildSettings = {
				ALWAYS_SEARCH_USER_PATHS = NO;
				COPY_PHASE_STRIP = NO;
				GCC_DYNAMIC_NO_PIC = NO;
				GCC_OPTIMIZATION_LEVEL = 0;
				GCC_PRECOMPILE_PREFIX_HEADER = YES;
				GCC_PREFIX_HEADER = MusicPlayer_Prefix.pch;
				INFOPLIST_FILE = "MusicPlayer-Info.plist";
				PRODUCT_NAME = MusicPlayer;
			};
			name = Debug;
		};
		1D6058950D05DD3E006BFB54 /* Release */ = {
			isa = XCBuildConfiguration;
			buildSettings = {
				ALWAYS_SEARCH_USER_PATHS = NO;
				COPY_PHASE_STRIP = YES;
				GCC_PRECOMPILE_PREFIX_HEADER = YES;
				GCC_PREFIX_HEADER = MusicPlayer_Prefix.pch;
				INFOPLIST_FILE = "MusicPlayer-Info.plist";
				PRODUCT_NAME = MusicPlayer;
				VALIDATE_PRODUCT = YES;
			};
			name = Release;
		};
		C01FCF4F08A954540054247B /* Debug */ = {
			isa = XCBuildConfiguration;
			buildSettings = {
				ARCHS = "$(ARCHS_STANDARD_32_BIT)";
				"CODE_SIGN_IDENTITY[sdk=iphoneos*]" = "iPhone Developer";
				GCC_C_LANGUAGE_STANDARD = c99;
				GCC_WARN_ABOUT_RETURN_TYPE = YES;
				GCC_WARN_UNUSED_VARIABLE = YES;
				HEADER_SEARCH_PATHS = /usr/include/libxml2;
				OTHER_LDFLAGS = "-lxml2";
				PREBINDING = NO;
				SDKROOT = iphoneos4.1;
			};
			name = Debug;
		};
		C01FCF5008A954540054247B /* Release */ = {
			isa = XCBuildConfiguration;
			buildSettings = {
				ARCHS = "$(ARCHS_STANDARD_32_BIT)";
				"CODE_SIGN_IDENTITY[sdk=iphoneos*]" = "iPhone Developer";
				GCC_C_LANGUAGE_STANDARD = c99;
				GCC_WARN_ABOUT_RETURN_TYPE = YES;
				GCC_WARN_UNUSED_VARIABLE = YES;
				HEADER_SEARCH_PATHS = /usr/include/libxml2;
				OTHER_CFLAGS = "-DNS_BLOCK_ASSERTIONS=1";
				OTHER_LDFLAGS = "-lxml2";
				PREBINDING = NO;
				SDKROOT = iphoneos4.1;
			};
			name = Release;
		};
/* End XCBuildConfiguration section */

/* Begin XCConfigurationList section */
		1D6058960D05DD3E006BFB54 /* Build configuration list for PBXNativeTarget "MusicPlayer" */ = {
			isa = XCConfigurationList;
			buildConfigurations = (
				1D6058940D05DD3E006BFB54 /* Debug */,
				1D6058950D05DD3E006BFB54 /* Release */,
			);
			defaultConfigurationIsVisible = 0;
			defaultConfigurationName = Release;
		};
		C01FCF4E08A954540054247B /* Build configuration list for PBXProject "MusicPlayer" */ = {
			isa = XCConfigurationList;
			buildConfigurations = (
				C01FCF4F08A954540054247B /* Debug */,
				C01FCF5008A954540054247B /* Release */,
			);
			defaultConfigurationIsVisible = 0;
			defaultConfigurationName = Release;
		};
/* End XCConfigurationList section */
	};
	rootObject = 29B97313FDCFA39411CA2CEA /* Project object */;
}
